
Microsoft Visual Studio Solution File, Format Version 12.00
# Visual Studio Version 16
VisualStudioVersion = 16.0.29613.14
MinimumVisualStudioVersion = 10.0.40219.1
Project("{FAE04EC0-301F-11D3-BF4B-00C04F79EFBC}") = "Wpf_Morozov_PR2", "Wpf_Morozov_PR2\Wpf_Morozov_PR2.csproj", "{4FAA0D50-B122-43E0-83D2-562FB82FC3F3}"
EndProject
Global
	GlobalSection(SolutionConfigurationPlatforms) = preSolution
		Debug|Any CPU = Debug|Any CPU
		Release|Any CPU = Release|Any CPU
	EndGlobalSection
	GlobalSection(ProjectConfigurationPlatforms) = postSolution
		{4FAA0D50-B122-43E0-83D2-562FB82FC3F3}.Debug|Any CPU.ActiveCfg = Debug|Any CPU
		{4FAA0D50-B122-43E0-83D2-562FB82FC3F3}.Debug|Any CPU.Build.0 = Debug|Any CPU
		{4FAA0D50-B122-43E0-83D2-562FB82FC3F3}.Release|Any CPU.ActiveCfg = Release|Any CPU
		{4FAA0D50-B122-43E0-83D2-562FB82FC3F3}.Release|Any CPU.Build.0 = Release|Any CPU
	EndGlobalSection
	GlobalSection(SolutionProperties) = preSolution
		HideSolutionNode = FALSE
	EndGlobalSection
	GlobalSection(ExtensibilityGlobals) = postSolution
		SolutionGuid = {F0FF1360-D46A-4457-95C1-95835C88822F}
	EndGlobalSection
EndGlobal
